
Microsoft Visual Studio Solution File, Format Version 12.00
# Visual Studio 15
Project("{FAE04EC0-301F-11D3-BF4B-00C04F79EFBC}") = "Assembly-CSharp", "Assembly-CSharp.csproj", "{A2521E91-3A59-7D45-C471-DCD17D7F1768}"
EndProject
Project("{FAE04EC0-301F-11D3-BF4B-00C04F79EFBC}") = "Assembly-CSharp-Editor", "Assembly-CSharp-Editor.csproj", "{FBBC318B-D6F0-88A8-3BE4-A01C904F6252}"
EndProject
Global
	GlobalSection(SolutionConfigurationPlatforms) = preSolution
		Debug|Any CPU = Debug|Any CPU
		Release|Any CPU = Release|Any CPU
	EndGlobalSection
	GlobalSection(ProjectConfigurationPlatforms) = postSolution
		{A2521E91-3A59-7D45-C471-DCD17D7F1768}.Debug|Any CPU.ActiveCfg = Debug|Any CPU
		{A2521E91-3A59-7D45-C471-DCD17D7F1768}.Debug|Any CPU.Build.0 = Debug|Any CPU
		{A2521E91-3A59-7D45-C471-DCD17D7F1768}.Release|Any CPU.ActiveCfg = Release|Any CPU
		{A2521E91-3A59-7D45-C471-DCD17D7F1768}.Release|Any CPU.Build.0 = Release|Any CPU
		{FBBC318B-D6F0-88A8-3BE4-A01C904F6252}.Debug|Any CPU.ActiveCfg = Debug|Any CPU
		{FBBC318B-D6F0-88A8-3BE4-A01C904F6252}.Debug|Any CPU.Build.0 = Debug|Any CPU
		{FBBC318B-D6F0-88A8-3BE4-A01C904F6252}.Release|Any CPU.ActiveCfg = Release|Any CPU
		{FBBC318B-D6F0-88A8-3BE4-A01C904F6252}.Release|Any CPU.Build.0 = Release|Any CPU
	EndGlobalSection
	GlobalSection(SolutionProperties) = preSolution
		HideSolutionNode = FALSE
	EndGlobalSection
EndGlobal
